
Microsoft Visual Studio Solution File, Format Version 12.00
# Visual Studio Version 16
VisualStudioVersion = 16.0.29318.209
MinimumVisualStudioVersion = 10.0.40219.1
Project("{FAE04EC0-301F-11D3-BF4B-00C04F79EFBC}") = "GrpcServer", "GrpcServer\GrpcServer.csproj", "{76BCC8CB-48EB-4B86-B74F-9AC501783713}"
EndProject
Project("{FAE04EC0-301F-11D3-BF4B-00C04F79EFBC}") = "GrpcClient", "GrpcClient\GrpcClient.csproj", "{7E56C537-CA00-4D63-B626-F9AD998AC019}"
EndProject
Project("{FAE04EC0-301F-11D3-BF4B-00C04F79EFBC}") = "GrpcServerStreaming", "GrpcServerStreaming\GrpcServerStreaming.csproj", "{20437978-7AB3-4A14-ABE4-C61560D05B7C}"
EndProject
Project("{FAE04EC0-301F-11D3-BF4B-00C04F79EFBC}") = "GrpcClientStreaming", "GrpcClientStreaming\GrpcClientStreaming.csproj", "{19C40E35-9813-4794-8B75-C4E9DB601610}"
EndProject
Project("{2150E333-8FDC-42A3-9474-1A3956D46DE8}") = "Grpc", "Grpc", "{C2EF899E-5F44-40DA-9C5D-15165C797EB5}"
EndProject
Project("{2150E333-8FDC-42A3-9474-1A3956D46DE8}") = "Grpc2", "Grpc2", "{D045D887-C163-4029-9B98-B9BB1F8F7F6C}"
EndProject
Global
	GlobalSection(SolutionConfigurationPlatforms) = preSolution
		Debug|Any CPU = Debug|Any CPU
		Release|Any CPU = Release|Any CPU
	EndGlobalSection
	GlobalSection(ProjectConfigurationPlatforms) = postSolution
		{76BCC8CB-48EB-4B86-B74F-9AC501783713}.Debug|Any CPU.ActiveCfg = Debug|Any CPU
		{76BCC8CB-48EB-4B86-B74F-9AC501783713}.Debug|Any CPU.Build.0 = Debug|Any CPU
		{76BCC8CB-48EB-4B86-B74F-9AC501783713}.Release|Any CPU.ActiveCfg = Release|Any CPU
		{76BCC8CB-48EB-4B86-B74F-9AC501783713}.Release|Any CPU.Build.0 = Release|Any CPU
		{7E56C537-CA00-4D63-B626-F9AD998AC019}.Debug|Any CPU.ActiveCfg = Debug|Any CPU
		{7E56C537-CA00-4D63-B626-F9AD998AC019}.Debug|Any CPU.Build.0 = Debug|Any CPU
		{7E56C537-CA00-4D63-B626-F9AD998AC019}.Release|Any CPU.ActiveCfg = Release|Any CPU
		{7E56C537-CA00-4D63-B626-F9AD998AC019}.Release|Any CPU.Build.0 = Release|Any CPU
		{20437978-7AB3-4A14-ABE4-C61560D05B7C}.Debug|Any CPU.ActiveCfg = Debug|Any CPU
		{20437978-7AB3-4A14-ABE4-C61560D05B7C}.Debug|Any CPU.Build.0 = Debug|Any CPU
		{20437978-7AB3-4A14-ABE4-C61560D05B7C}.Release|Any CPU.ActiveCfg = Release|Any CPU
		{20437978-7AB3-4A14-ABE4-C61560D05B7C}.Release|Any CPU.Build.0 = Release|Any CPU
		{19C40E35-9813-4794-8B75-C4E9DB601610}.Debug|Any CPU.ActiveCfg = Debug|Any CPU
		{19C40E35-9813-4794-8B75-C4E9DB601610}.Debug|Any CPU.Build.0 = Debug|Any CPU
		{19C40E35-9813-4794-8B75-C4E9DB601610}.Release|Any CPU.ActiveCfg = Release|Any CPU
		{19C40E35-9813-4794-8B75-C4E9DB601610}.Release|Any CPU.Build.0 = Release|Any CPU
	EndGlobalSection
	GlobalSection(SolutionProperties) = preSolution
		HideSolutionNode = FALSE
	EndGlobalSection
	GlobalSection(NestedProjects) = preSolution
		{76BCC8CB-48EB-4B86-B74F-9AC501783713} = {C2EF899E-5F44-40DA-9C5D-15165C797EB5}
		{7E56C537-CA00-4D63-B626-F9AD998AC019} = {C2EF899E-5F44-40DA-9C5D-15165C797EB5}
		{20437978-7AB3-4A14-ABE4-C61560D05B7C} = {D045D887-C163-4029-9B98-B9BB1F8F7F6C}
		{19C40E35-9813-4794-8B75-C4E9DB601610} = {D045D887-C163-4029-9B98-B9BB1F8F7F6C}
	EndGlobalSection
	GlobalSection(ExtensibilityGlobals) = postSolution
		SolutionGuid = {3108C3E7-703F-4337-A12F-20BD23480C83}
	EndGlobalSection
EndGlobal
