
Microsoft Visual Studio Solution File, Format Version 12.00
# Visual Studio Version 16
VisualStudioVersion = 16.0.29318.209
MinimumVisualStudioVersion = 10.0.40219.1
Project("{9A19103F-16F7-4668-BE54-9A1E7A4F7556}") = "GrpcServer", "GrpcServer\GrpcServer.csproj", "{76BCC8CB-48EB-4B86-B74F-9AC501783713}"
EndProject
Project("{9A19103F-16F7-4668-BE54-9A1E7A4F7556}") = "GrpcClient", "GrpcClient\GrpcClient.csproj", "{7E56C537-CA00-4D63-B626-F9AD998AC019}"
EndProject
Project("{9A19103F-16F7-4668-BE54-9A1E7A4F7556}") = "GrpcServerStreaming", "GrpcServerStreaming\GrpcServerStreaming.csproj", "{20437978-7AB3-4A14-ABE4-C61560D05B7C}"
EndProject
Project("{9A19103F-16F7-4668-BE54-9A1E7A4F7556}") = "GrpcClientStreaming", "GrpcClientStreaming\GrpcClientStreaming.csproj", "{19C40E35-9813-4794-8B75-C4E9DB601610}"
EndProject
Project("{2150E333-8FDC-42A3-9474-1A3956D46DE8}") = "Grpc", "Grpc", "{C2EF899E-5F44-40DA-9C5D-15165C797EB5}"
EndProject
Project("{2150E333-8FDC-42A3-9474-1A3956D46DE8}") = "Grpc2", "Grpc2", "{D045D887-C163-4029-9B98-B9BB1F8F7F6C}"
EndProject
Project("{2150E333-8FDC-42A3-9474-1A3956D46DE8}") = "Grpc3", "Grpc3", "{0C212DFA-F861-4AAE-BAC9-095E3E788CE4}"
EndProject
Project("{9A19103F-16F7-4668-BE54-9A1E7A4F7556}") = "GrpcServerStreamingRepeated", "GrpcServerStreamingRepeated\GrpcServerStreamingRepeated.csproj", "{3DCDA9BA-72FD-466B-A6BF-50E025D4E76F}"
EndProject
Project("{9A19103F-16F7-4668-BE54-9A1E7A4F7556}") = "GrpcClientStreamingRepeated", "GrpcClientStreamingRepeated\GrpcClientStreamingRepeated.csproj", "{964A89BC-8D29-49E9-8911-DFED13C5DFB4}"
EndProject
Project("{2150E333-8FDC-42A3-9474-1A3956D46DE8}") = "Grpc4", "Grpc4", "{2DD5B7FF-7A0A-413A-9474-60A2D6B2561F}"
EndProject
Project("{9A19103F-16F7-4668-BE54-9A1E7A4F7556}") = "GrpcBidirectionalStreaming", "GrpcBidirectionalStreaming\GrpcBidirectionalStreaming.csproj", "{DA6EB624-564D-4C4A-8559-BEAE01B88CFF}"
EndProject
Project("{9A19103F-16F7-4668-BE54-9A1E7A4F7556}") = "GrpcClientBidirectionalStreaming", "GrpcClientBidirectionalStreaming\GrpcClientBidirectionalStreaming.csproj", "{84A21CA5-C85B-438A-B997-061A3773402F}"
EndProject
Project("{2150E333-8FDC-42A3-9474-1A3956D46DE8}") = "Grpc5", "Grpc5", "{07299EC2-9F47-4263-8953-CBE4EEA522B3}"
EndProject
Project("{9A19103F-16F7-4668-BE54-9A1E7A4F7556}") = "GrpcServerMutipleType", "GrpcServerMutipleType\GrpcServerMutipleType.csproj", "{D822CE4F-B72B-48A2-8F5D-508DD4EA2220}"
EndProject
Project("{2150E333-8FDC-42A3-9474-1A3956D46DE8}") = "Grpc6", "Grpc6", "{9088C67D-631D-4836-BA15-E9A1AF4827BB}"
EndProject
Project("{9A19103F-16F7-4668-BE54-9A1E7A4F7556}") = "GrpcClientMutipleType", "GrpcClientMutipleType\GrpcClientMutipleType.csproj", "{8DFC25FC-7EA5-4F30-B575-96C34C5DDB0F}"
EndProject
Project("{9A19103F-16F7-4668-BE54-9A1E7A4F7556}") = "GrpcServerNestedTypes", "GrpcServerNestedTypes\GrpcServerNestedTypes.csproj", "{97E8F57F-A457-4625-8981-7747091B4A2B}"
EndProject
Project("{9A19103F-16F7-4668-BE54-9A1E7A4F7556}") = "GrpcClientNestedTypes", "GrpcClientNestedTypes\GrpcClientNestedTypes.csproj", "{00AC1000-34F9-40F3-8158-0B5758661183}"
EndProject
Project("{2150E333-8FDC-42A3-9474-1A3956D46DE8}") = "Grpc7", "Grpc7", "{9A2AA34E-046C-4AA4-AB64-B716BD1177C0}"
EndProject
Project("{9A19103F-16F7-4668-BE54-9A1E7A4F7556}") = "GrpcServerDictionary", "GrpcServerDictionary\GrpcServerDictionary.csproj", "{E0CE041D-19C2-4F55-8AFC-22541EB06D02}"
EndProject
Project("{9A19103F-16F7-4668-BE54-9A1E7A4F7556}") = "GrpcClientDictionary", "GrpcClientDictionary\GrpcClientDictionary.csproj", "{5BF0B860-CAD3-432B-ADDF-2C584B2721B3}"
EndProject
Project("{2150E333-8FDC-42A3-9474-1A3956D46DE8}") = "Grpc8", "Grpc8", "{A9DBB79E-AC1E-4D4B-8EC1-F17219CC68B5}"
EndProject
Project("{9A19103F-16F7-4668-BE54-9A1E7A4F7556}") = "GrpcServerSimulateNullableValue", "GrpcServerSimulateNullableValue\GrpcServerSimulateNullableValue.csproj", "{1B45D18A-E497-4230-9AB5-4BD0CFE19D29}"
EndProject
Project("{9A19103F-16F7-4668-BE54-9A1E7A4F7556}") = "GrpcClientSimulateNullableValue", "GrpcClientSimulateNullableValue\GrpcClientSimulateNullableValue.csproj", "{CFC5431E-0DAB-42C2-BA3C-E27982842144}"
EndProject
Project("{2150E333-8FDC-42A3-9474-1A3956D46DE8}") = "Grpc9", "Grpc9", "{6324358E-6D77-45CD-A41B-CC58057FB6EA}"
EndProject
Project("{9A19103F-16F7-4668-BE54-9A1E7A4F7556}") = "GrpcServerServerStreamingImg", "GrpcServerServerStreamingImg\GrpcServerServerStreamingImg.csproj", "{C558DC0D-B559-4264-AF48-BD810BFEB81D}"
EndProject
Project("{9A19103F-16F7-4668-BE54-9A1E7A4F7556}") = "GrpcClientServerStreamingImg", "GrpcClientServerStreamingImg\GrpcClientServerStreamingImg.csproj", "{3122F665-4908-4C83-BC67-15EF6E78AB76}"
EndProject
Project("{2150E333-8FDC-42A3-9474-1A3956D46DE8}") = "Blazor", "Blazor", "{21EE925D-6C0B-4549-86A9-B87A451673CD}"
EndProject
Project("{2150E333-8FDC-42A3-9474-1A3956D46DE8}") = "GrpcDemo", "GrpcDemo", "{7F0E444C-99C7-4A53-8F0F-DE4114887C90}"
EndProject
Project("{9A19103F-16F7-4668-BE54-9A1E7A4F7556}") = "Blogs", "Blogs\Blogs.csproj", "{58AF8587-EBDA-4E2B-A7AB-6B11A529A7E5}"
EndProject
Project("{9A19103F-16F7-4668-BE54-9A1E7A4F7556}") = "BlogsClient", "BlogsClient\BlogsClient.csproj", "{991831C8-9C60-489F-A4E6-A77ED25E022A}"
EndProject
Project("{2150E333-8FDC-42A3-9474-1A3956D46DE8}") = "Sample", "Sample", "{8EEB8C34-1FD0-4876-A384-873FE423123B}"
EndProject
Project("{9A19103F-16F7-4668-BE54-9A1E7A4F7556}") = "SampleProject.Domain", "SampleProject.Domain\SampleProject.Domain.csproj", "{51E59B7B-4D09-42B2-821E-3B29975CE28F}"
EndProject
Project("{9A19103F-16F7-4668-BE54-9A1E7A4F7556}") = "SampleProject.Infrastructure", "SampleProject.Infrastructure\SampleProject.Infrastructure.csproj", "{072BBB6D-5ECB-4DB1-B693-F61499369626}"
EndProject
Project("{9A19103F-16F7-4668-BE54-9A1E7A4F7556}") = "SampleProject.API", "SampleProject.API\SampleProject.API.csproj", "{5A8FA9AD-5EE6-4979-A608-EB1FA467F318}"
EndProject
Project("{2150E333-8FDC-42A3-9474-1A3956D46DE8}") = "Mvc", "Mvc", "{14061CEA-EF99-4A9C-A292-B083CF8E08D4}"
EndProject
Project("{FAE04EC0-301F-11D3-BF4B-00C04F79EFBC}") = "MvcCore", "MvcCore\MvcCore.csproj", "{02795723-C912-4172-9123-B623C5988EFF}"
EndProject
Project("{FAE04EC0-301F-11D3-BF4B-00C04F79EFBC}") = "WebApi", "WebApi\WebApi.csproj", "{AC984FF2-7EC8-4497-B5C1-B27B4C36145B}"
EndProject
Global
	GlobalSection(SolutionConfigurationPlatforms) = preSolution
		Debug|Any CPU = Debug|Any CPU
		Release|Any CPU = Release|Any CPU
	EndGlobalSection
	GlobalSection(ProjectConfigurationPlatforms) = postSolution
		{76BCC8CB-48EB-4B86-B74F-9AC501783713}.Debug|Any CPU.ActiveCfg = Debug|Any CPU
		{76BCC8CB-48EB-4B86-B74F-9AC501783713}.Debug|Any CPU.Build.0 = Debug|Any CPU
		{76BCC8CB-48EB-4B86-B74F-9AC501783713}.Release|Any CPU.ActiveCfg = Release|Any CPU
		{76BCC8CB-48EB-4B86-B74F-9AC501783713}.Release|Any CPU.Build.0 = Release|Any CPU
		{7E56C537-CA00-4D63-B626-F9AD998AC019}.Debug|Any CPU.ActiveCfg = Debug|Any CPU
		{7E56C537-CA00-4D63-B626-F9AD998AC019}.Debug|Any CPU.Build.0 = Debug|Any CPU
		{7E56C537-CA00-4D63-B626-F9AD998AC019}.Release|Any CPU.ActiveCfg = Release|Any CPU
		{7E56C537-CA00-4D63-B626-F9AD998AC019}.Release|Any CPU.Build.0 = Release|Any CPU
		{20437978-7AB3-4A14-ABE4-C61560D05B7C}.Debug|Any CPU.ActiveCfg = Debug|Any CPU
		{20437978-7AB3-4A14-ABE4-C61560D05B7C}.Debug|Any CPU.Build.0 = Debug|Any CPU
		{20437978-7AB3-4A14-ABE4-C61560D05B7C}.Release|Any CPU.ActiveCfg = Release|Any CPU
		{20437978-7AB3-4A14-ABE4-C61560D05B7C}.Release|Any CPU.Build.0 = Release|Any CPU
		{19C40E35-9813-4794-8B75-C4E9DB601610}.Debug|Any CPU.ActiveCfg = Debug|Any CPU
		{19C40E35-9813-4794-8B75-C4E9DB601610}.Debug|Any CPU.Build.0 = Debug|Any CPU
		{19C40E35-9813-4794-8B75-C4E9DB601610}.Release|Any CPU.ActiveCfg = Release|Any CPU
		{19C40E35-9813-4794-8B75-C4E9DB601610}.Release|Any CPU.Build.0 = Release|Any CPU
		{3DCDA9BA-72FD-466B-A6BF-50E025D4E76F}.Debug|Any CPU.ActiveCfg = Debug|Any CPU
		{3DCDA9BA-72FD-466B-A6BF-50E025D4E76F}.Debug|Any CPU.Build.0 = Debug|Any CPU
		{3DCDA9BA-72FD-466B-A6BF-50E025D4E76F}.Release|Any CPU.ActiveCfg = Release|Any CPU
		{3DCDA9BA-72FD-466B-A6BF-50E025D4E76F}.Release|Any CPU.Build.0 = Release|Any CPU
		{964A89BC-8D29-49E9-8911-DFED13C5DFB4}.Debug|Any CPU.ActiveCfg = Debug|Any CPU
		{964A89BC-8D29-49E9-8911-DFED13C5DFB4}.Debug|Any CPU.Build.0 = Debug|Any CPU
		{964A89BC-8D29-49E9-8911-DFED13C5DFB4}.Release|Any CPU.ActiveCfg = Release|Any CPU
		{964A89BC-8D29-49E9-8911-DFED13C5DFB4}.Release|Any CPU.Build.0 = Release|Any CPU
		{DA6EB624-564D-4C4A-8559-BEAE01B88CFF}.Debug|Any CPU.ActiveCfg = Debug|Any CPU
		{DA6EB624-564D-4C4A-8559-BEAE01B88CFF}.Debug|Any CPU.Build.0 = Debug|Any CPU
		{DA6EB624-564D-4C4A-8559-BEAE01B88CFF}.Release|Any CPU.ActiveCfg = Release|Any CPU
		{DA6EB624-564D-4C4A-8559-BEAE01B88CFF}.Release|Any CPU.Build.0 = Release|Any CPU
		{84A21CA5-C85B-438A-B997-061A3773402F}.Debug|Any CPU.ActiveCfg = Debug|Any CPU
		{84A21CA5-C85B-438A-B997-061A3773402F}.Debug|Any CPU.Build.0 = Debug|Any CPU
		{84A21CA5-C85B-438A-B997-061A3773402F}.Release|Any CPU.ActiveCfg = Release|Any CPU
		{84A21CA5-C85B-438A-B997-061A3773402F}.Release|Any CPU.Build.0 = Release|Any CPU
		{D822CE4F-B72B-48A2-8F5D-508DD4EA2220}.Debug|Any CPU.ActiveCfg = Debug|Any CPU
		{D822CE4F-B72B-48A2-8F5D-508DD4EA2220}.Debug|Any CPU.Build.0 = Debug|Any CPU
		{D822CE4F-B72B-48A2-8F5D-508DD4EA2220}.Release|Any CPU.ActiveCfg = Release|Any CPU
		{D822CE4F-B72B-48A2-8F5D-508DD4EA2220}.Release|Any CPU.Build.0 = Release|Any CPU
		{8DFC25FC-7EA5-4F30-B575-96C34C5DDB0F}.Debug|Any CPU.ActiveCfg = Debug|Any CPU
		{8DFC25FC-7EA5-4F30-B575-96C34C5DDB0F}.Debug|Any CPU.Build.0 = Debug|Any CPU
		{8DFC25FC-7EA5-4F30-B575-96C34C5DDB0F}.Release|Any CPU.ActiveCfg = Release|Any CPU
		{8DFC25FC-7EA5-4F30-B575-96C34C5DDB0F}.Release|Any CPU.Build.0 = Release|Any CPU
		{97E8F57F-A457-4625-8981-7747091B4A2B}.Debug|Any CPU.ActiveCfg = Debug|Any CPU
		{97E8F57F-A457-4625-8981-7747091B4A2B}.Debug|Any CPU.Build.0 = Debug|Any CPU
		{97E8F57F-A457-4625-8981-7747091B4A2B}.Release|Any CPU.ActiveCfg = Release|Any CPU
		{97E8F57F-A457-4625-8981-7747091B4A2B}.Release|Any CPU.Build.0 = Release|Any CPU
		{00AC1000-34F9-40F3-8158-0B5758661183}.Debug|Any CPU.ActiveCfg = Debug|Any CPU
		{00AC1000-34F9-40F3-8158-0B5758661183}.Debug|Any CPU.Build.0 = Debug|Any CPU
		{00AC1000-34F9-40F3-8158-0B5758661183}.Release|Any CPU.ActiveCfg = Release|Any CPU
		{00AC1000-34F9-40F3-8158-0B5758661183}.Release|Any CPU.Build.0 = Release|Any CPU
		{E0CE041D-19C2-4F55-8AFC-22541EB06D02}.Debug|Any CPU.ActiveCfg = Debug|Any CPU
		{E0CE041D-19C2-4F55-8AFC-22541EB06D02}.Debug|Any CPU.Build.0 = Debug|Any CPU
		{E0CE041D-19C2-4F55-8AFC-22541EB06D02}.Release|Any CPU.ActiveCfg = Release|Any CPU
		{E0CE041D-19C2-4F55-8AFC-22541EB06D02}.Release|Any CPU.Build.0 = Release|Any CPU
		{5BF0B860-CAD3-432B-ADDF-2C584B2721B3}.Debug|Any CPU.ActiveCfg = Debug|Any CPU
		{5BF0B860-CAD3-432B-ADDF-2C584B2721B3}.Debug|Any CPU.Build.0 = Debug|Any CPU
		{5BF0B860-CAD3-432B-ADDF-2C584B2721B3}.Release|Any CPU.ActiveCfg = Release|Any CPU
		{5BF0B860-CAD3-432B-ADDF-2C584B2721B3}.Release|Any CPU.Build.0 = Release|Any CPU
		{1B45D18A-E497-4230-9AB5-4BD0CFE19D29}.Debug|Any CPU.ActiveCfg = Debug|Any CPU
		{1B45D18A-E497-4230-9AB5-4BD0CFE19D29}.Debug|Any CPU.Build.0 = Debug|Any CPU
		{1B45D18A-E497-4230-9AB5-4BD0CFE19D29}.Release|Any CPU.ActiveCfg = Release|Any CPU
		{1B45D18A-E497-4230-9AB5-4BD0CFE19D29}.Release|Any CPU.Build.0 = Release|Any CPU
		{CFC5431E-0DAB-42C2-BA3C-E27982842144}.Debug|Any CPU.ActiveCfg = Debug|Any CPU
		{CFC5431E-0DAB-42C2-BA3C-E27982842144}.Debug|Any CPU.Build.0 = Debug|Any CPU
		{CFC5431E-0DAB-42C2-BA3C-E27982842144}.Release|Any CPU.ActiveCfg = Release|Any CPU
		{CFC5431E-0DAB-42C2-BA3C-E27982842144}.Release|Any CPU.Build.0 = Release|Any CPU
		{C558DC0D-B559-4264-AF48-BD810BFEB81D}.Debug|Any CPU.ActiveCfg = Debug|Any CPU
		{C558DC0D-B559-4264-AF48-BD810BFEB81D}.Debug|Any CPU.Build.0 = Debug|Any CPU
		{C558DC0D-B559-4264-AF48-BD810BFEB81D}.Release|Any CPU.ActiveCfg = Release|Any CPU
		{C558DC0D-B559-4264-AF48-BD810BFEB81D}.Release|Any CPU.Build.0 = Release|Any CPU
		{3122F665-4908-4C83-BC67-15EF6E78AB76}.Debug|Any CPU.ActiveCfg = Debug|Any CPU
		{3122F665-4908-4C83-BC67-15EF6E78AB76}.Debug|Any CPU.Build.0 = Debug|Any CPU
		{3122F665-4908-4C83-BC67-15EF6E78AB76}.Release|Any CPU.ActiveCfg = Release|Any CPU
		{3122F665-4908-4C83-BC67-15EF6E78AB76}.Release|Any CPU.Build.0 = Release|Any CPU
		{58AF8587-EBDA-4E2B-A7AB-6B11A529A7E5}.Debug|Any CPU.ActiveCfg = Debug|Any CPU
		{58AF8587-EBDA-4E2B-A7AB-6B11A529A7E5}.Debug|Any CPU.Build.0 = Debug|Any CPU
		{58AF8587-EBDA-4E2B-A7AB-6B11A529A7E5}.Release|Any CPU.ActiveCfg = Release|Any CPU
		{58AF8587-EBDA-4E2B-A7AB-6B11A529A7E5}.Release|Any CPU.Build.0 = Release|Any CPU
		{991831C8-9C60-489F-A4E6-A77ED25E022A}.Debug|Any CPU.ActiveCfg = Debug|Any CPU
		{991831C8-9C60-489F-A4E6-A77ED25E022A}.Debug|Any CPU.Build.0 = Debug|Any CPU
		{991831C8-9C60-489F-A4E6-A77ED25E022A}.Release|Any CPU.ActiveCfg = Release|Any CPU
		{991831C8-9C60-489F-A4E6-A77ED25E022A}.Release|Any CPU.Build.0 = Release|Any CPU
		{51E59B7B-4D09-42B2-821E-3B29975CE28F}.Debug|Any CPU.ActiveCfg = Debug|Any CPU
		{51E59B7B-4D09-42B2-821E-3B29975CE28F}.Debug|Any CPU.Build.0 = Debug|Any CPU
		{51E59B7B-4D09-42B2-821E-3B29975CE28F}.Release|Any CPU.ActiveCfg = Release|Any CPU
		{51E59B7B-4D09-42B2-821E-3B29975CE28F}.Release|Any CPU.Build.0 = Release|Any CPU
		{072BBB6D-5ECB-4DB1-B693-F61499369626}.Debug|Any CPU.ActiveCfg = Debug|Any CPU
		{072BBB6D-5ECB-4DB1-B693-F61499369626}.Debug|Any CPU.Build.0 = Debug|Any CPU
		{072BBB6D-5ECB-4DB1-B693-F61499369626}.Release|Any CPU.ActiveCfg = Release|Any CPU
		{072BBB6D-5ECB-4DB1-B693-F61499369626}.Release|Any CPU.Build.0 = Release|Any CPU
		{5A8FA9AD-5EE6-4979-A608-EB1FA467F318}.Debug|Any CPU.ActiveCfg = Debug|Any CPU
		{5A8FA9AD-5EE6-4979-A608-EB1FA467F318}.Debug|Any CPU.Build.0 = Debug|Any CPU
		{5A8FA9AD-5EE6-4979-A608-EB1FA467F318}.Release|Any CPU.ActiveCfg = Release|Any CPU
		{5A8FA9AD-5EE6-4979-A608-EB1FA467F318}.Release|Any CPU.Build.0 = Release|Any CPU
		{02795723-C912-4172-9123-B623C5988EFF}.Debug|Any CPU.ActiveCfg = Debug|Any CPU
		{02795723-C912-4172-9123-B623C5988EFF}.Debug|Any CPU.Build.0 = Debug|Any CPU
		{02795723-C912-4172-9123-B623C5988EFF}.Release|Any CPU.ActiveCfg = Release|Any CPU
		{02795723-C912-4172-9123-B623C5988EFF}.Release|Any CPU.Build.0 = Release|Any CPU
		{AC984FF2-7EC8-4497-B5C1-B27B4C36145B}.Debug|Any CPU.ActiveCfg = Debug|Any CPU
		{AC984FF2-7EC8-4497-B5C1-B27B4C36145B}.Debug|Any CPU.Build.0 = Debug|Any CPU
		{AC984FF2-7EC8-4497-B5C1-B27B4C36145B}.Release|Any CPU.ActiveCfg = Release|Any CPU
		{AC984FF2-7EC8-4497-B5C1-B27B4C36145B}.Release|Any CPU.Build.0 = Release|Any CPU
	EndGlobalSection
	GlobalSection(SolutionProperties) = preSolution
		HideSolutionNode = FALSE
	EndGlobalSection
	GlobalSection(NestedProjects) = preSolution
		{76BCC8CB-48EB-4B86-B74F-9AC501783713} = {C2EF899E-5F44-40DA-9C5D-15165C797EB5}
		{7E56C537-CA00-4D63-B626-F9AD998AC019} = {C2EF899E-5F44-40DA-9C5D-15165C797EB5}
		{20437978-7AB3-4A14-ABE4-C61560D05B7C} = {D045D887-C163-4029-9B98-B9BB1F8F7F6C}
		{19C40E35-9813-4794-8B75-C4E9DB601610} = {D045D887-C163-4029-9B98-B9BB1F8F7F6C}
		{3DCDA9BA-72FD-466B-A6BF-50E025D4E76F} = {0C212DFA-F861-4AAE-BAC9-095E3E788CE4}
		{964A89BC-8D29-49E9-8911-DFED13C5DFB4} = {0C212DFA-F861-4AAE-BAC9-095E3E788CE4}
		{DA6EB624-564D-4C4A-8559-BEAE01B88CFF} = {2DD5B7FF-7A0A-413A-9474-60A2D6B2561F}
		{84A21CA5-C85B-438A-B997-061A3773402F} = {2DD5B7FF-7A0A-413A-9474-60A2D6B2561F}
		{D822CE4F-B72B-48A2-8F5D-508DD4EA2220} = {07299EC2-9F47-4263-8953-CBE4EEA522B3}
		{8DFC25FC-7EA5-4F30-B575-96C34C5DDB0F} = {07299EC2-9F47-4263-8953-CBE4EEA522B3}
		{97E8F57F-A457-4625-8981-7747091B4A2B} = {9088C67D-631D-4836-BA15-E9A1AF4827BB}
		{00AC1000-34F9-40F3-8158-0B5758661183} = {9088C67D-631D-4836-BA15-E9A1AF4827BB}
		{E0CE041D-19C2-4F55-8AFC-22541EB06D02} = {9A2AA34E-046C-4AA4-AB64-B716BD1177C0}
		{5BF0B860-CAD3-432B-ADDF-2C584B2721B3} = {9A2AA34E-046C-4AA4-AB64-B716BD1177C0}
		{1B45D18A-E497-4230-9AB5-4BD0CFE19D29} = {A9DBB79E-AC1E-4D4B-8EC1-F17219CC68B5}
		{CFC5431E-0DAB-42C2-BA3C-E27982842144} = {A9DBB79E-AC1E-4D4B-8EC1-F17219CC68B5}
		{C558DC0D-B559-4264-AF48-BD810BFEB81D} = {6324358E-6D77-45CD-A41B-CC58057FB6EA}
		{3122F665-4908-4C83-BC67-15EF6E78AB76} = {6324358E-6D77-45CD-A41B-CC58057FB6EA}
		{58AF8587-EBDA-4E2B-A7AB-6B11A529A7E5} = {7F0E444C-99C7-4A53-8F0F-DE4114887C90}
		{991831C8-9C60-489F-A4E6-A77ED25E022A} = {7F0E444C-99C7-4A53-8F0F-DE4114887C90}
		{51E59B7B-4D09-42B2-821E-3B29975CE28F} = {8EEB8C34-1FD0-4876-A384-873FE423123B}
		{072BBB6D-5ECB-4DB1-B693-F61499369626} = {8EEB8C34-1FD0-4876-A384-873FE423123B}
		{5A8FA9AD-5EE6-4979-A608-EB1FA467F318} = {8EEB8C34-1FD0-4876-A384-873FE423123B}
		{02795723-C912-4172-9123-B623C5988EFF} = {14061CEA-EF99-4A9C-A292-B083CF8E08D4}
		{AC984FF2-7EC8-4497-B5C1-B27B4C36145B} = {14061CEA-EF99-4A9C-A292-B083CF8E08D4}
	EndGlobalSection
	GlobalSection(ExtensibilityGlobals) = postSolution
		SolutionGuid = {3108C3E7-703F-4337-A12F-20BD23480C83}
	EndGlobalSection
EndGlobal
